// !$*UTF8*$!
{
	archiveVersion = 1;
	classes = {
	};
	objectVersion = 56;
	objects = {

/* Begin PBXBuildFile section */
		9A0CD1BF2AD8656F000382A4 /* MapAppApp.swift in Sources */ = {isa = PBXBuildFile; fileRef = 9A0CD1BE2AD8656F000382A4 /* MapAppApp.swift */; };
		9A0CD1C32AD86570000382A4 /* Assets.xcassets in Resources */ = {isa = PBXBuildFile; fileRef = 9A0CD1C22AD86570000382A4 /* Assets.xcassets */; };
		9A0CD1C72AD86570000382A4 /* Preview Assets.xcassets in Resources */ = {isa = PBXBuildFile; fileRef = 9A0CD1C62AD86570000382A4 /* Preview Assets.xcassets */; };
		9A0CD1D12AD865C4000382A4 /* RootView.swift in Sources */ = {isa = PBXBuildFile; fileRef = 9A0CD1D02AD865C4000382A4 /* RootView.swift */; };
		9A0CD1D32AD865EC000382A4 /* HomeView.swift in Sources */ = {isa = PBXBuildFile; fileRef = 9A0CD1D22AD865EC000382A4 /* HomeView.swift */; };
		9A0CD1D52AD865F7000382A4 /* LoginView.swift in Sources */ = {isa = PBXBuildFile; fileRef = 9A0CD1D42AD865F7000382A4 /* LoginView.swift */; };
		9A0CD1D92AD866D3000382A4 /* AccountService.swift in Sources */ = {isa = PBXBuildFile; fileRef = 9A0CD1D82AD866D3000382A4 /* AccountService.swift */; };
		9A0CD1DB2AD8670E000382A4 /* Protocols.swift in Sources */ = {isa = PBXBuildFile; fileRef = 9A0CD1DA2AD8670E000382A4 /* Protocols.swift */; };
		9A0CD1DD2AD86D3A000382A4 /* Authentication.swift in Sources */ = {isa = PBXBuildFile; fileRef = 9A0CD1DC2AD86D3A000382A4 /* Authentication.swift */; };
		9A0CD1E02AD86E21000382A4 /* Keys.swift in Sources */ = {isa = PBXBuildFile; fileRef = 9A0CD1DF2AD86E21000382A4 /* Keys.swift */; };
		9A0CD1E22AD8702B000382A4 /* LoginRegisterToggleButton.swift in Sources */ = {isa = PBXBuildFile; fileRef = 9A0CD1E12AD8702B000382A4 /* LoginRegisterToggleButton.swift */; };
		9A0D254E2AD87B92002404A6 /* CustomColors.swift in Sources */ = {isa = PBXBuildFile; fileRef = 9A0D254D2AD87B92002404A6 /* CustomColors.swift */; };
/* End PBXBuildFile section */

/* Begin PBXFileReference section */
		9A0CD1BB2AD8656F000382A4 /* MapApp.app */ = {isa = PBXFileReference; explicitFileType = wrapper.application; includeInIndex = 0; path = MapApp.app; sourceTree = BUILT_PRODUCTS_DIR; };
		9A0CD1BE2AD8656F000382A4 /* MapAppApp.swift */ = {isa = PBXFileReference; lastKnownFileType = sourcecode.swift; path = MapAppApp.swift; sourceTree = "<group>"; };
		9A0CD1C22AD86570000382A4 /* Assets.xcassets */ = {isa = PBXFileReference; lastKnownFileType = folder.assetcatalog; path = Assets.xcassets; sourceTree = "<group>"; };
		9A0CD1C42AD86570000382A4 /* MapApp.entitlements */ = {isa = PBXFileReference; lastKnownFileType = text.plist.entitlements; path = MapApp.entitlements; sourceTree = "<group>"; };
		9A0CD1C62AD86570000382A4 /* Preview Assets.xcassets */ = {isa = PBXFileReference; lastKnownFileType = folder.assetcatalog; path = "Preview Assets.xcassets"; sourceTree = "<group>"; };
		9A0CD1D02AD865C4000382A4 /* RootView.swift */ = {isa = PBXFileReference; lastKnownFileType = sourcecode.swift; path = RootView.swift; sourceTree = "<group>"; };
		9A0CD1D22AD865EC000382A4 /* HomeView.swift */ = {isa = PBXFileReference; lastKnownFileType = sourcecode.swift; path = HomeView.swift; sourceTree = "<group>"; };
		9A0CD1D42AD865F7000382A4 /* LoginView.swift */ = {isa = PBXFileReference; lastKnownFileType = sourcecode.swift; path = LoginView.swift; sourceTree = "<group>"; };
		9A0CD1D82AD866D3000382A4 /* AccountService.swift */ = {isa = PBXFileReference; lastKnownFileType = sourcecode.swift; path = AccountService.swift; sourceTree = "<group>"; };
		9A0CD1DA2AD8670E000382A4 /* Protocols.swift */ = {isa = PBXFileReference; lastKnownFileType = sourcecode.swift; path = Protocols.swift; sourceTree = "<group>"; };
		9A0CD1DC2AD86D3A000382A4 /* Authentication.swift */ = {isa = PBXFileReference; lastKnownFileType = sourcecode.swift; path = Authentication.swift; sourceTree = "<group>"; };
		9A0CD1DF2AD86E21000382A4 /* Keys.swift */ = {isa = PBXFileReference; lastKnownFileType = sourcecode.swift; path = Keys.swift; sourceTree = "<group>"; };
		9A0CD1E12AD8702B000382A4 /* LoginRegisterToggleButton.swift */ = {isa = PBXFileReference; lastKnownFileType = sourcecode.swift; path = LoginRegisterToggleButton.swift; sourceTree = "<group>"; };
		9A0D254D2AD87B92002404A6 /* CustomColors.swift */ = {isa = PBXFileReference; lastKnownFileType = sourcecode.swift; path = CustomColors.swift; sourceTree = "<group>"; };
/* End PBXFileReference section */

/* Begin PBXFrameworksBuildPhase section */
		9A0CD1B82AD8656F000382A4 /* Frameworks */ = {
			isa = PBXFrameworksBuildPhase;
			buildActionMask = 2147483647;
			files = (
			);
			runOnlyForDeploymentPostprocessing = 0;
		};
/* End PBXFrameworksBuildPhase section */

/* Begin PBXGroup section */
		9A0CD1B22AD8656F000382A4 = {
			isa = PBXGroup;
			children = (
				9A0CD1BD2AD8656F000382A4 /* MapApp */,
				9A0CD1BC2AD8656F000382A4 /* Products */,
			);
			sourceTree = "<group>";
		};
		9A0CD1BC2AD8656F000382A4 /* Products */ = {
			isa = PBXGroup;
			children = (
				9A0CD1BB2AD8656F000382A4 /* MapApp.app */,
			);
			name = Products;
			sourceTree = "<group>";
		};
		9A0CD1BD2AD8656F000382A4 /* MapApp */ = {
			isa = PBXGroup;
			children = (
				9A0D254C2AD87B80002404A6 /* Helpers */,
				9A0CD1DE2AD86E16000382A4 /* Environment */,
				9A0CD1D72AD866AB000382A4 /* Services */,
				9A0CD1CF2AD865A5000382A4 /* Home */,
				9A0CD1CE2AD8659D000382A4 /* Root */,
				9A0CD1CD2AD86593000382A4 /* Authentication */,
				9A0CD1BE2AD8656F000382A4 /* MapAppApp.swift */,
				9A0CD1C22AD86570000382A4 /* Assets.xcassets */,
				9A0CD1C42AD86570000382A4 /* MapApp.entitlements */,
				9A0CD1C52AD86570000382A4 /* Preview Content */,
			);
			path = MapApp;
			sourceTree = "<group>";
		};
		9A0CD1C52AD86570000382A4 /* Preview Content */ = {
			isa = PBXGroup;
			children = (
				9A0CD1C62AD86570000382A4 /* Preview Assets.xcassets */,
			);
			path = "Preview Content";
			sourceTree = "<group>";
		};
		9A0CD1CD2AD86593000382A4 /* Authentication */ = {
			isa = PBXGroup;
			children = (
				9A0CD1DC2AD86D3A000382A4 /* Authentication.swift */,
				9A0CD1D62AD865FC000382A4 /* Login */,
			);
			path = Authentication;
			sourceTree = "<group>";
		};
		9A0CD1CE2AD8659D000382A4 /* Root */ = {
			isa = PBXGroup;
			children = (
				9A0CD1D02AD865C4000382A4 /* RootView.swift */,
			);
			path = Root;
			sourceTree = "<group>";
		};
		9A0CD1CF2AD865A5000382A4 /* Home */ = {
			isa = PBXGroup;
			children = (
				9A0CD1D22AD865EC000382A4 /* HomeView.swift */,
			);
			path = Home;
			sourceTree = "<group>";
		};
		9A0CD1D62AD865FC000382A4 /* Login */ = {
			isa = PBXGroup;
			children = (
				9A0CD1D42AD865F7000382A4 /* LoginView.swift */,
				9A0CD1E12AD8702B000382A4 /* LoginRegisterToggleButton.swift */,
			);
			path = Login;
			sourceTree = "<group>";
		};
		9A0CD1D72AD866AB000382A4 /* Services */ = {
			isa = PBXGroup;
			children = (
				9A0CD1D82AD866D3000382A4 /* AccountService.swift */,
				9A0CD1DA2AD8670E000382A4 /* Protocols.swift */,
			);
			path = Services;
			sourceTree = "<group>";
		};
		9A0CD1DE2AD86E16000382A4 /* Environment */ = {
			isa = PBXGroup;
			children = (
				9A0CD1DF2AD86E21000382A4 /* Keys.swift */,
			);
			path = Environment;
			sourceTree = "<group>";
		};
		9A0D254C2AD87B80002404A6 /* Helpers */ = {
			isa = PBXGroup;
			children = (
				9A0D254D2AD87B92002404A6 /* CustomColors.swift */,
			);
			path = Helpers;
			sourceTree = "<group>";
		};
/* End PBXGroup section */

/* Begin PBXNativeTarget section */
		9A0CD1BA2AD8656F000382A4 /* MapApp */ = {
			isa = PBXNativeTarget;
			buildConfigurationList = 9A0CD1CA2AD86570000382A4 /* Build configuration list for PBXNativeTarget "MapApp" */;
			buildPhases = (
				9A0CD1B72AD8656F000382A4 /* Sources */,
				9A0CD1B82AD8656F000382A4 /* Frameworks */,
				9A0CD1B92AD8656F000382A4 /* Resources */,
			);
			buildRules = (
			);
			dependencies = (
			);
			name = MapApp;
			productName = MapApp;
			productReference = 9A0CD1BB2AD8656F000382A4 /* MapApp.app */;
			productType = "com.apple.product-type.application";
		};
/* End PBXNativeTarget section */

/* Begin PBXProject section */
		9A0CD1B32AD8656F000382A4 /* Project object */ = {
			isa = PBXProject;
			attributes = {
				BuildIndependentTargetsInParallel = 1;
				LastSwiftUpdateCheck = 1500;
				LastUpgradeCheck = 1500;
				TargetAttributes = {
					9A0CD1BA2AD8656F000382A4 = {
						CreatedOnToolsVersion = 15.0;
					};
				};
			};
			buildConfigurationList = 9A0CD1B62AD8656F000382A4 /* Build configuration list for PBXProject "MapApp" */;
			compatibilityVersion = "Xcode 14.0";
			developmentRegion = en;
			hasScannedForEncodings = 0;
			knownRegions = (
				en,
				Base,
			);
			mainGroup = 9A0CD1B22AD8656F000382A4;
			productRefGroup = 9A0CD1BC2AD8656F000382A4 /* Products */;
			projectDirPath = "";
			projectRoot = "";
			targets = (
				9A0CD1BA2AD8656F000382A4 /* MapApp */,
			);
		};
/* End PBXProject section */

/* Begin PBXResourcesBuildPhase section */
		9A0CD1B92AD8656F000382A4 /* Resources */ = {
			isa = PBXResourcesBuildPhase;
			buildActionMask = 2147483647;
			files = (
				9A0CD1C72AD86570000382A4 /* Preview Assets.xcassets in Resources */,
				9A0CD1C32AD86570000382A4 /* Assets.xcassets in Resources */,
			);
			runOnlyForDeploymentPostprocessing = 0;
		};
/* End PBXResourcesBuildPhase section */

/* Begin PBXSourcesBuildPhase section */
		9A0CD1B72AD8656F000382A4 /* Sources */ = {
			isa = PBXSourcesBuildPhase;
			buildActionMask = 2147483647;
			files = (
				9A0CD1D32AD865EC000382A4 /* HomeView.swift in Sources */,
				9A0CD1E02AD86E21000382A4 /* Keys.swift in Sources */,
				9A0CD1BF2AD8656F000382A4 /* MapAppApp.swift in Sources */,
				9A0CD1D52AD865F7000382A4 /* LoginView.swift in Sources */,
				9A0CD1DB2AD8670E000382A4 /* Protocols.swift in Sources */,
				9A0CD1D92AD866D3000382A4 /* AccountService.swift in Sources */,
				9A0D254E2AD87B92002404A6 /* CustomColors.swift in Sources */,
				9A0CD1E22AD8702B000382A4 /* LoginRegisterToggleButton.swift in Sources */,
				9A0CD1D12AD865C4000382A4 /* RootView.swift in Sources */,
				9A0CD1DD2AD86D3A000382A4 /* Authentication.swift in Sources */,
			);
			runOnlyForDeploymentPostprocessing = 0;
		};
/* End PBXSourcesBuildPhase section */

/* Begin XCBuildConfiguration section */
		9A0CD1C82AD86570000382A4 /* Debug */ = {
			isa = XCBuildConfiguration;
			buildSettings = {
				ALWAYS_SEARCH_USER_PATHS = NO;
				ASSETCATALOG_COMPILER_GENERATE_SWIFT_ASSET_SYMBOL_EXTENSIONS = YES;
				CLANG_ANALYZER_NONNULL = YES;
				CLANG_ANALYZER_NUMBER_OBJECT_CONVERSION = YES_AGGRESSIVE;
				CLANG_CXX_LANGUAGE_STANDARD = "gnu++20";
				CLANG_ENABLE_MODULES = YES;
				CLANG_ENABLE_OBJC_ARC = YES;
				CLANG_ENABLE_OBJC_WEAK = YES;
				CLANG_WARN_BLOCK_CAPTURE_AUTORELEASING = YES;
				CLANG_WARN_BOOL_CONVERSION = YES;
				CLANG_WARN_COMMA = YES;
				CLANG_WARN_CONSTANT_CONVERSION = YES;
				CLANG_WARN_DEPRECATED_OBJC_IMPLEMENTATIONS = YES;
				CLANG_WARN_DIRECT_OBJC_ISA_USAGE = YES_ERROR;
				CLANG_WARN_DOCUMENTATION_COMMENTS = YES;
				CLANG_WARN_EMPTY_BODY = YES;
				CLANG_WARN_ENUM_CONVERSION = YES;
				CLANG_WARN_INFINITE_RECURSION = YES;
				CLANG_WARN_INT_CONVERSION = YES;
				CLANG_WARN_NON_LITERAL_NULL_CONVERSION = YES;
				CLANG_WARN_OBJC_IMPLICIT_RETAIN_SELF = YES;
				CLANG_WARN_OBJC_LITERAL_CONVERSION = YES;
				CLANG_WARN_OBJC_ROOT_CLASS = YES_ERROR;
				CLANG_WARN_QUOTED_INCLUDE_IN_FRAMEWORK_HEADER = YES;
				CLANG_WARN_RANGE_LOOP_ANALYSIS = YES;
				CLANG_WARN_STRICT_PROTOTYPES = YES;
				CLANG_WARN_SUSPICIOUS_MOVE = YES;
				CLANG_WARN_UNGUARDED_AVAILABILITY = YES_AGGRESSIVE;
				CLANG_WARN_UNREACHABLE_CODE = YES;
				CLANG_WARN__DUPLICATE_METHOD_MATCH = YES;
				COPY_PHASE_STRIP = NO;
				DEBUG_INFORMATION_FORMAT = dwarf;
				ENABLE_STRICT_OBJC_MSGSEND = YES;
				ENABLE_TESTABILITY = YES;
				ENABLE_USER_SCRIPT_SANDBOXING = YES;
				GCC_C_LANGUAGE_STANDARD = gnu17;
				GCC_DYNAMIC_NO_PIC = NO;
				GCC_NO_COMMON_BLOCKS = YES;
				GCC_OPTIMIZATION_LEVEL = 0;
				GCC_PREPROCESSOR_DEFINITIONS = (
					"DEBUG=1",
					"$(inherited)",
				);
				GCC_WARN_64_TO_32_BIT_CONVERSION = YES;
				GCC_WARN_ABOUT_RETURN_TYPE = YES_ERROR;
				GCC_WARN_UNDECLARED_SELECTOR = YES;
				GCC_WARN_UNINITIALIZED_AUTOS = YES_AGGRESSIVE;
				GCC_WARN_UNUSED_FUNCTION = YES;
				GCC_WARN_UNUSED_VARIABLE = YES;
				LOCALIZATION_PREFERS_STRING_CATALOGS = YES;
				MTL_ENABLE_DEBUG_INFO = INCLUDE_SOURCE;
				MTL_FAST_MATH = YES;
				ONLY_ACTIVE_ARCH = YES;
				SWIFT_ACTIVE_COMPILATION_CONDITIONS = "DEBUG $(inherited)";
				SWIFT_OPTIMIZATION_LEVEL = "-Onone";
			};
			name = Debug;
		};
		9A0CD1C92AD86570000382A4 /* Release */ = {
			isa = XCBuildConfiguration;
			buildSettings = {
				ALWAYS_SEARCH_USER_PATHS = NO;
				ASSETCATALOG_COMPILER_GENERATE_SWIFT_ASSET_SYMBOL_EXTENSIONS = YES;
				CLANG_ANALYZER_NONNULL = YES;
				CLANG_ANALYZER_NUMBER_OBJECT_CONVERSION = YES_AGGRESSIVE;
				CLANG_CXX_LANGUAGE_STANDARD = "gnu++20";
				CLANG_ENABLE_MODULES = YES;
				CLANG_ENABLE_OBJC_ARC = YES;
				CLANG_ENABLE_OBJC_WEAK = YES;
				CLANG_WARN_BLOCK_CAPTURE_AUTORELEASING = YES;
				CLANG_WARN_BOOL_CONVERSION = YES;
				CLANG_WARN_COMMA = YES;
				CLANG_WARN_CONSTANT_CONVERSION = YES;
				CLANG_WARN_DEPRECATED_OBJC_IMPLEMENTATIONS = YES;
				CLANG_WARN_DIRECT_OBJC_ISA_USAGE = YES_ERROR;
				CLANG_WARN_DOCUMENTATION_COMMENTS = YES;
				CLANG_WARN_EMPTY_BODY = YES;
				CLANG_WARN_ENUM_CONVERSION = YES;
				CLANG_WARN_INFINITE_RECURSION = YES;
				CLANG_WARN_INT_CONVERSION = YES;
				CLANG_WARN_NON_LITERAL_NULL_CONVERSION = YES;
				CLANG_WARN_OBJC_IMPLICIT_RETAIN_SELF = YES;
				CLANG_WARN_OBJC_LITERAL_CONVERSION = YES;
				CLANG_WARN_OBJC_ROOT_CLASS = YES_ERROR;
				CLANG_WARN_QUOTED_INCLUDE_IN_FRAMEWORK_HEADER = YES;
				CLANG_WARN_RANGE_LOOP_ANALYSIS = YES;
				CLANG_WARN_STRICT_PROTOTYPES = YES;
				CLANG_WARN_SUSPICIOUS_MOVE = YES;
				CLANG_WARN_UNGUARDED_AVAILABILITY = YES_AGGRESSIVE;
				CLANG_WARN_UNREACHABLE_CODE = YES;
				CLANG_WARN__DUPLICATE_METHOD_MATCH = YES;
				COPY_PHASE_STRIP = NO;
				DEBUG_INFORMATION_FORMAT = "dwarf-with-dsym";
				ENABLE_NS_ASSERTIONS = NO;
				ENABLE_STRICT_OBJC_MSGSEND = YES;
				ENABLE_USER_SCRIPT_SANDBOXING = YES;
				GCC_C_LANGUAGE_STANDARD = gnu17;
				GCC_NO_COMMON_BLOCKS = YES;
				GCC_WARN_64_TO_32_BIT_CONVERSION = YES;
				GCC_WARN_ABOUT_RETURN_TYPE = YES_ERROR;
				GCC_WARN_UNDECLARED_SELECTOR = YES;
				GCC_WARN_UNINITIALIZED_AUTOS = YES_AGGRESSIVE;
				GCC_WARN_UNUSED_FUNCTION = YES;
				GCC_WARN_UNUSED_VARIABLE = YES;
				LOCALIZATION_PREFERS_STRING_CATALOGS = YES;
				MTL_ENABLE_DEBUG_INFO = NO;
				MTL_FAST_MATH = YES;
				SWIFT_COMPILATION_MODE = wholemodule;
			};
			name = Release;
		};
		9A0CD1CB2AD86570000382A4 /* Debug */ = {
			isa = XCBuildConfiguration;
			buildSettings = {
				ASSETCATALOG_COMPILER_APPICON_NAME = AppIcon;
				ASSETCATALOG_COMPILER_GLOBAL_ACCENT_COLOR_NAME = AccentColor;
				CODE_SIGN_ENTITLEMENTS = MapApp/MapApp.entitlements;
				CODE_SIGN_IDENTITY = "Apple Development";
				"CODE_SIGN_IDENTITY[sdk=macosx*]" = "-";
				CODE_SIGN_STYLE = Automatic;
				CURRENT_PROJECT_VERSION = 1;
				DEVELOPMENT_ASSET_PATHS = "\"MapApp/Preview Content\"";
				DEVELOPMENT_TEAM = W3ZR6Y7387;
				ENABLE_HARDENED_RUNTIME = YES;
				ENABLE_PREVIEWS = YES;
				GENERATE_INFOPLIST_FILE = YES;
				"INFOPLIST_KEY_UIApplicationSceneManifest_Generation[sdk=iphoneos*]" = YES;
				"INFOPLIST_KEY_UIApplicationSceneManifest_Generation[sdk=iphonesimulator*]" = YES;
				"INFOPLIST_KEY_UIApplicationSupportsIndirectInputEvents[sdk=iphoneos*]" = YES;
				"INFOPLIST_KEY_UIApplicationSupportsIndirectInputEvents[sdk=iphonesimulator*]" = YES;
				"INFOPLIST_KEY_UILaunchScreen_Generation[sdk=iphoneos*]" = YES;
				"INFOPLIST_KEY_UILaunchScreen_Generation[sdk=iphonesimulator*]" = YES;
				"INFOPLIST_KEY_UIStatusBarStyle[sdk=iphoneos*]" = UIStatusBarStyleDefault;
				"INFOPLIST_KEY_UIStatusBarStyle[sdk=iphonesimulator*]" = UIStatusBarStyleDefault;
				INFOPLIST_KEY_UISupportedInterfaceOrientations_iPad = "UIInterfaceOrientationPortrait UIInterfaceOrientationPortraitUpsideDown UIInterfaceOrientationLandscapeLeft UIInterfaceOrientationLandscapeRight";
				INFOPLIST_KEY_UISupportedInterfaceOrientations_iPhone = "UIInterfaceOrientationPortrait UIInterfaceOrientationLandscapeLeft UIInterfaceOrientationLandscapeRight";
				IPHONEOS_DEPLOYMENT_TARGET = 17.0;
				LD_RUNPATH_SEARCH_PATHS = "@executable_path/Frameworks";
				"LD_RUNPATH_SEARCH_PATHS[sdk=macosx*]" = "@executable_path/../Frameworks";
				MACOSX_DEPLOYMENT_TARGET = 14.0;
				MARKETING_VERSION = 1.0;
				PRODUCT_BUNDLE_IDENTIFIER = com.dc.MapApp;
				PRODUCT_NAME = "$(TARGET_NAME)";
				PROVISIONING_PROFILE_SPECIFIER = "";
				SDKROOT = auto;
				SUPPORTED_PLATFORMS = "iphoneos iphonesimulator macosx";
				SWIFT_EMIT_LOC_STRINGS = YES;
				SWIFT_VERSION = 5.0;
				TARGETED_DEVICE_FAMILY = "1,2";
			};
			name = Debug;
		};
		9A0CD1CC2AD86570000382A4 /* Release */ = {
			isa = XCBuildConfiguration;
			buildSettings = {
				ASSETCATALOG_COMPILER_APPICON_NAME = AppIcon;
				ASSETCATALOG_COMPILER_GLOBAL_ACCENT_COLOR_NAME = AccentColor;
				CODE_SIGN_ENTITLEMENTS = MapApp/MapApp.entitlements;
				CODE_SIGN_IDENTITY = "Apple Development";
				"CODE_SIGN_IDENTITY[sdk=macosx*]" = "-";
				CODE_SIGN_STYLE = Automatic;
				CURRENT_PROJECT_VERSION = 1;
				DEVELOPMENT_ASSET_PATHS = "\"MapApp/Preview Content\"";
				DEVELOPMENT_TEAM = W3ZR6Y7387;
				ENABLE_HARDENED_RUNTIME = YES;
				ENABLE_PREVIEWS = YES;
				GENERATE_INFOPLIST_FILE = YES;
				"INFOPLIST_KEY_UIApplicationSceneManifest_Generation[sdk=iphoneos*]" = YES;
				"INFOPLIST_KEY_UIApplicationSceneManifest_Generation[sdk=iphonesimulator*]" = YES;
				"INFOPLIST_KEY_UIApplicationSupportsIndirectInputEvents[sdk=iphoneos*]" = YES;
				"INFOPLIST_KEY_UIApplicationSupportsIndirectInputEvents[sdk=iphonesimulator*]" = YES;
				"INFOPLIST_KEY_UILaunchScreen_Generation[sdk=iphoneos*]" = YES;
				"INFOPLIST_KEY_UILaunchScreen_Generation[sdk=iphonesimulator*]" = YES;
				"INFOPLIST_KEY_UIStatusBarStyle[sdk=iphoneos*]" = UIStatusBarStyleDefault;
				"INFOPLIST_KEY_UIStatusBarStyle[sdk=iphonesimulator*]" = UIStatusBarStyleDefault;
				INFOPLIST_KEY_UISupportedInterfaceOrientations_iPad = "UIInterfaceOrientationPortrait UIInterfaceOrientationPortraitUpsideDown UIInterfaceOrientationLandscapeLeft UIInterfaceOrientationLandscapeRight";
				INFOPLIST_KEY_UISupportedInterfaceOrientations_iPhone = "UIInterfaceOrientationPortrait UIInterfaceOrientationLandscapeLeft UIInterfaceOrientationLandscapeRight";
				IPHONEOS_DEPLOYMENT_TARGET = 17.0;
				LD_RUNPATH_SEARCH_PATHS = "@executable_path/Frameworks";
				"LD_RUNPATH_SEARCH_PATHS[sdk=macosx*]" = "@executable_path/../Frameworks";
				MACOSX_DEPLOYMENT_TARGET = 14.0;
				MARKETING_VERSION = 1.0;
				PRODUCT_BUNDLE_IDENTIFIER = com.dc.MapApp;
				PRODUCT_NAME = "$(TARGET_NAME)";
				PROVISIONING_PROFILE_SPECIFIER = "";
				SDKROOT = auto;
				SUPPORTED_PLATFORMS = "iphoneos iphonesimulator macosx";
				SWIFT_EMIT_LOC_STRINGS = YES;
				SWIFT_VERSION = 5.0;
				TARGETED_DEVICE_FAMILY = "1,2";
			};
			name = Release;
		};
/* End XCBuildConfiguration section */

/* Begin XCConfigurationList section */
		9A0CD1B62AD8656F000382A4 /* Build configuration list for PBXProject "MapApp" */ = {
			isa = XCConfigurationList;
			buildConfigurations = (
				9A0CD1C82AD86570000382A4 /* Debug */,
				9A0CD1C92AD86570000382A4 /* Release */,
			);
			defaultConfigurationIsVisible = 0;
			defaultConfigurationName = Release;
		};
		9A0CD1CA2AD86570000382A4 /* Build configuration list for PBXNativeTarget "MapApp" */ = {
			isa = XCConfigurationList;
			buildConfigurations = (
				9A0CD1CB2AD86570000382A4 /* Debug */,
				9A0CD1CC2AD86570000382A4 /* Release */,
			);
			defaultConfigurationIsVisible = 0;
			defaultConfigurationName = Release;
		};
/* End XCConfigurationList section */
	};
	rootObject = 9A0CD1B32AD8656F000382A4 /* Project object */;
}
